
Microsoft Visual Studio Solution File, Format Version 12.00
# Visual Studio 2012
Project("{FAE04EC0-301F-11D3-BF4B-00C04F79EFBC}") = "UAPIConsumptionSamples", "ConsoleApplication3\UAPIConsumptionSamples.csproj", "{F3C20EB7-CBC9-4B92-85AF-A7774B0690C0}"
EndProject
Global
	GlobalSection(SolutionConfigurationPlatforms) = preSolution
		Debug|Any CPU = Debug|Any CPU
		Release|Any CPU = Release|Any CPU
	EndGlobalSection
	GlobalSection(ProjectConfigurationPlatforms) = postSolution
		{F3C20EB7-CBC9-4B92-85AF-A7774B0690C0}.Debug|Any CPU.ActiveCfg = Debug|Any CPU
		{F3C20EB7-CBC9-4B92-85AF-A7774B0690C0}.Debug|Any CPU.Build.0 = Debug|Any CPU
		{F3C20EB7-CBC9-4B92-85AF-A7774B0690C0}.Release|Any CPU.ActiveCfg = Release|Any CPU
		{F3C20EB7-CBC9-4B92-85AF-A7774B0690C0}.Release|Any CPU.Build.0 = Release|Any CPU
	EndGlobalSection
	GlobalSection(SolutionProperties) = preSolution
		HideSolutionNode = FALSE
	EndGlobalSection
EndGlobal
