
Microsoft Visual Studio Solution File, Format Version 12.00
# Visual Studio 2012
Project("{FAE04EC0-301F-11D3-BF4B-00C04F79EFBC}") = "UAPIConsumptionSamples", "ConsoleApplication2\UAPIConsumptionSamples.csproj", "{5960C432-C45D-4929-BC6D-E45F01871ACE}"
EndProject
Global
	GlobalSection(SolutionConfigurationPlatforms) = preSolution
		Debug|Any CPU = Debug|Any CPU
		Release|Any CPU = Release|Any CPU
	EndGlobalSection
	GlobalSection(ProjectConfigurationPlatforms) = postSolution
		{5960C432-C45D-4929-BC6D-E45F01871ACE}.Debug|Any CPU.ActiveCfg = Debug|Any CPU
		{5960C432-C45D-4929-BC6D-E45F01871ACE}.Debug|Any CPU.Build.0 = Debug|Any CPU
		{5960C432-C45D-4929-BC6D-E45F01871ACE}.Release|Any CPU.ActiveCfg = Release|Any CPU
		{5960C432-C45D-4929-BC6D-E45F01871ACE}.Release|Any CPU.Build.0 = Release|Any CPU
	EndGlobalSection
	GlobalSection(SolutionProperties) = preSolution
		HideSolutionNode = FALSE
	EndGlobalSection
EndGlobal
